
Microsoft Visual Studio Solution File, Format Version 12.00
# Visual Studio Version 17
VisualStudioVersion = 17.8.34330.188
MinimumVisualStudioVersion = 10.0.40219.1
Project("{9A19103F-16F7-4668-BE54-9A1E7A4F7556}") = "LogReader", "LogReader\LogReader.csproj", "{8081160C-85E6-4D46-AFCC-71DF4414FD5F}"
EndProject
Project("{9A19103F-16F7-4668-BE54-9A1E7A4F7556}") = "LogViewerWpf", "LogViewerWpf\LogViewerWpf.csproj", "{B9734E64-AE52-47EE-A8D8-531AD2ACDB38}"
EndProject
Project("{FAE04EC0-301F-11D3-BF4B-00C04F79EFBC}") = "LogViewer", "LogViewer\LogViewer.csproj", "{E740AE46-1277-40CF-A460-C7BF698B8363}"
EndProject
Global
	GlobalSection(SolutionConfigurationPlatforms) = preSolution
		Debug|Any CPU = Debug|Any CPU
		Release|Any CPU = Release|Any CPU
	EndGlobalSection
	GlobalSection(ProjectConfigurationPlatforms) = postSolution
		{8081160C-85E6-4D46-AFCC-71DF4414FD5F}.Debug|Any CPU.ActiveCfg = Debug|Any CPU
		{8081160C-85E6-4D46-AFCC-71DF4414FD5F}.Debug|Any CPU.Build.0 = Debug|Any CPU
		{8081160C-85E6-4D46-AFCC-71DF4414FD5F}.Release|Any CPU.ActiveCfg = Release|Any CPU
		{8081160C-85E6-4D46-AFCC-71DF4414FD5F}.Release|Any CPU.Build.0 = Release|Any CPU
		{B9734E64-AE52-47EE-A8D8-531AD2ACDB38}.Debug|Any CPU.ActiveCfg = Debug|Any CPU
		{B9734E64-AE52-47EE-A8D8-531AD2ACDB38}.Debug|Any CPU.Build.0 = Debug|Any CPU
		{B9734E64-AE52-47EE-A8D8-531AD2ACDB38}.Release|Any CPU.ActiveCfg = Release|Any CPU
		{B9734E64-AE52-47EE-A8D8-531AD2ACDB38}.Release|Any CPU.Build.0 = Release|Any CPU
		{E740AE46-1277-40CF-A460-C7BF698B8363}.Debug|Any CPU.ActiveCfg = Debug|Any CPU
		{E740AE46-1277-40CF-A460-C7BF698B8363}.Debug|Any CPU.Build.0 = Debug|Any CPU
		{E740AE46-1277-40CF-A460-C7BF698B8363}.Release|Any CPU.ActiveCfg = Release|Any CPU
		{E740AE46-1277-40CF-A460-C7BF698B8363}.Release|Any CPU.Build.0 = Release|Any CPU
	EndGlobalSection
	GlobalSection(SolutionProperties) = preSolution
		HideSolutionNode = FALSE
	EndGlobalSection
	GlobalSection(ExtensibilityGlobals) = postSolution
		SolutionGuid = {BD890B07-6C4E-4EAA-84BE-2F2C90E115C2}
	EndGlobalSection
EndGlobal
